// !$*UTF8*$!
{
	archiveVersion = 1;
	classes = {
	};
	objectVersion = 56;
	objects = {

/* Begin PBXBuildFile section */
		013018002A849BE9008E9704 /* GameMenu.swift in Sources */ = {isa = PBXBuildFile; fileRef = 013017FF2A849BE9008E9704 /* GameMenu.swift */; };
		013D41C82A985AEA00964E92 /* FirebaseAuth in Frameworks */ = {isa = PBXBuildFile; productRef = 013D41C72A985AEA00964E92 /* FirebaseAuth */; };
		013D41CA2A99751300964E92 /* FirebaseDatabase in Frameworks */ = {isa = PBXBuildFile; productRef = 013D41C92A99751300964E92 /* FirebaseDatabase */; };
		013D41CC2A99A8A700964E92 /* FirebaseManager.swift in Sources */ = {isa = PBXBuildFile; fileRef = 013D41CB2A99A8A700964E92 /* FirebaseManager.swift */; };
		016F35A72A81DD1000563109 /* GameMenu.sks in Resources */ = {isa = PBXBuildFile; fileRef = 016F35A62A81DD1000563109 /* GameMenu.sks */; };
		018F379E2A6E245700027BD0 /* Explosion.sks in Resources */ = {isa = PBXBuildFile; fileRef = 018F379D2A6E245700027BD0 /* Explosion.sks */; };
		0193CA142A69E04A00372040 /* Helper.swift in Sources */ = {isa = PBXBuildFile; fileRef = 0193CA132A69E04A00372040 /* Helper.swift */; };
		01A30DD12A68CF0500ADA84D /* AppDelegate.swift in Sources */ = {isa = PBXBuildFile; fileRef = 01A30DD02A68CF0500ADA84D /* AppDelegate.swift */; };
		01A30DD32A68CF0500ADA84D /* GameScene.sks in Resources */ = {isa = PBXBuildFile; fileRef = 01A30DD22A68CF0500ADA84D /* GameScene.sks */; };
		01A30DD72A68CF0500ADA84D /* GameScene.swift in Sources */ = {isa = PBXBuildFile; fileRef = 01A30DD62A68CF0500ADA84D /* GameScene.swift */; };
		01A30DD92A68CF0500ADA84D /* GameViewController.swift in Sources */ = {isa = PBXBuildFile; fileRef = 01A30DD82A68CF0500ADA84D /* GameViewController.swift */; };
		01A30DDC2A68CF0500ADA84D /* Main.storyboard in Resources */ = {isa = PBXBuildFile; fileRef = 01A30DDA2A68CF0500ADA84D /* Main.storyboard */; };
		01A30DDE2A68CF0700ADA84D /* Assets.xcassets in Resources */ = {isa = PBXBuildFile; fileRef = 01A30DDD2A68CF0700ADA84D /* Assets.xcassets */; };
		01A30DE12A68CF0700ADA84D /* LaunchScreen.storyboard in Resources */ = {isa = PBXBuildFile; fileRef = 01A30DDF2A68CF0700ADA84D /* LaunchScreen.storyboard */; };
		01BCD2432A71711B005FA071 /* Explosion2.sks in Resources */ = {isa = PBXBuildFile; fileRef = 01BCD2412A71711B005FA071 /* Explosion2.sks */; };
		01BCD2442A71711B005FA071 /* Assets.xcassets in Resources */ = {isa = PBXBuildFile; fileRef = 01BCD2422A71711B005FA071 /* Assets.xcassets */; };
		01BCD2462A71DA61005FA071 /* TestPhrases.swift in Sources */ = {isa = PBXBuildFile; fileRef = 01BCD2452A71DA61005FA071 /* TestPhrases.swift */; };
		01E580BA2A96F19B00BCA889 /* GoogleService-Info.plist in Resources */ = {isa = PBXBuildFile; fileRef = 01E580B92A96F19B00BCA889 /* GoogleService-Info.plist */; };
		01E580BD2A96F26300BCA889 /* FirebaseAnalytics in Frameworks */ = {isa = PBXBuildFile; productRef = 01E580BC2A96F26300BCA889 /* FirebaseAnalytics */; };
		01E580C32A97069400BCA889 /* FirebaseCrashlytics in Frameworks */ = {isa = PBXBuildFile; productRef = 01E580C22A97069400BCA889 /* FirebaseCrashlytics */; };
		01F044D42ABC9C4700472FDE /* FirebaseAnalytics in Frameworks */ = {isa = PBXBuildFile; productRef = 01F044D32ABC9C4700472FDE /* FirebaseAnalytics */; };
		01F044D62ABC9C4700472FDE /* FirebaseAnalyticsOnDeviceConversion in Frameworks */ = {isa = PBXBuildFile; productRef = 01F044D52ABC9C4700472FDE /* FirebaseAnalyticsOnDeviceConversion */; };
		01F044D82ABC9C4700472FDE /* FirebaseAnalyticsSwift in Frameworks */ = {isa = PBXBuildFile; productRef = 01F044D72ABC9C4700472FDE /* FirebaseAnalyticsSwift */; };
		01F044DA2ABC9C4700472FDE /* FirebaseAnalyticsWithoutAdIdSupport in Frameworks */ = {isa = PBXBuildFile; productRef = 01F044D92ABC9C4700472FDE /* FirebaseAnalyticsWithoutAdIdSupport */; };
		01F044DC2ABC9C4700472FDE /* FirebaseAppCheck in Frameworks */ = {isa = PBXBuildFile; productRef = 01F044DB2ABC9C4700472FDE /* FirebaseAppCheck */; };
		01F7953A2AE4D4080053688E /* BoxManager.swift in Sources */ = {isa = PBXBuildFile; fileRef = 01F795392AE4D4080053688E /* BoxManager.swift */; };
		01F7953C2AE5A0CA0053688E /* FallingBoxManager.swift in Sources */ = {isa = PBXBuildFile; fileRef = 01F7953B2AE5A0CA0053688E /* FallingBoxManager.swift */; };
/* End PBXBuildFile section */

/* Begin PBXFileReference section */
		013017FF2A849BE9008E9704 /* GameMenu.swift */ = {isa = PBXFileReference; lastKnownFileType = sourcecode.swift; path = GameMenu.swift; sourceTree = "<group>"; };
		013D41CB2A99A8A700964E92 /* FirebaseManager.swift */ = {isa = PBXFileReference; lastKnownFileType = sourcecode.swift; path = FirebaseManager.swift; sourceTree = "<group>"; };
		016F35A62A81DD1000563109 /* GameMenu.sks */ = {isa = PBXFileReference; lastKnownFileType = file.sks; path = GameMenu.sks; sourceTree = "<group>"; };
		018F379D2A6E245700027BD0 /* Explosion.sks */ = {isa = PBXFileReference; lastKnownFileType = file.sks; path = Explosion.sks; sourceTree = "<group>"; };
		0193CA132A69E04A00372040 /* Helper.swift */ = {isa = PBXFileReference; lastKnownFileType = sourcecode.swift; path = Helper.swift; sourceTree = "<group>"; };
		01A30DCD2A68CF0500ADA84D /* Game2.app */ = {isa = PBXFileReference; explicitFileType = wrapper.application; includeInIndex = 0; path = Game2.app; sourceTree = BUILT_PRODUCTS_DIR; };
		01A30DD02A68CF0500ADA84D /* AppDelegate.swift */ = {isa = PBXFileReference; lastKnownFileType = sourcecode.swift; path = AppDelegate.swift; sourceTree = "<group>"; };
		01A30DD22A68CF0500ADA84D /* GameScene.sks */ = {isa = PBXFileReference; lastKnownFileType = file.sks; path = GameScene.sks; sourceTree = "<group>"; };
		01A30DD62A68CF0500ADA84D /* GameScene.swift */ = {isa = PBXFileReference; lastKnownFileType = sourcecode.swift; path = GameScene.swift; sourceTree = "<group>"; };
		01A30DD82A68CF0500ADA84D /* GameViewController.swift */ = {isa = PBXFileReference; lastKnownFileType = sourcecode.swift; path = GameViewController.swift; sourceTree = "<group>"; };
		01A30DDB2A68CF0500ADA84D /* Base */ = {isa = PBXFileReference; lastKnownFileType = file.storyboard; name = Base; path = Base.lproj/Main.storyboard; sourceTree = "<group>"; };
		01A30DDD2A68CF0700ADA84D /* Assets.xcassets */ = {isa = PBXFileReference; lastKnownFileType = folder.assetcatalog; path = Assets.xcassets; sourceTree = "<group>"; };
		01A30DE02A68CF0700ADA84D /* Base */ = {isa = PBXFileReference; lastKnownFileType = file.storyboard; name = Base; path = Base.lproj/LaunchScreen.storyboard; sourceTree = "<group>"; };
		01BCD2412A71711B005FA071 /* Explosion2.sks */ = {isa = PBXFileReference; lastKnownFileType = file.sks; path = Explosion2.sks; sourceTree = "<group>"; };
		01BCD2422A71711B005FA071 /* Assets.xcassets */ = {isa = PBXFileReference; lastKnownFileType = folder.assetcatalog; path = Assets.xcassets; sourceTree = "<group>"; };
		01BCD2452A71DA61005FA071 /* TestPhrases.swift */ = {isa = PBXFileReference; lastKnownFileType = sourcecode.swift; path = TestPhrases.swift; sourceTree = "<group>"; };
		01C2E2682A854AE300EB1ED2 /* Info.plist */ = {isa = PBXFileReference; lastKnownFileType = text.plist; path = Info.plist; sourceTree = "<group>"; };
		01E580B92A96F19B00BCA889 /* GoogleService-Info.plist */ = {isa = PBXFileReference; fileEncoding = 4; lastKnownFileType = text.plist.xml; path = "GoogleService-Info.plist"; sourceTree = "<group>"; };
		01F795392AE4D4080053688E /* BoxManager.swift */ = {isa = PBXFileReference; lastKnownFileType = sourcecode.swift; path = BoxManager.swift; sourceTree = "<group>"; };
		01F7953B2AE5A0CA0053688E /* FallingBoxManager.swift */ = {isa = PBXFileReference; lastKnownFileType = sourcecode.swift; path = FallingBoxManager.swift; sourceTree = "<group>"; };
/* End PBXFileReference section */

/* Begin PBXFrameworksBuildPhase section */
		01A30DCA2A68CF0500ADA84D /* Frameworks */ = {
			isa = PBXFrameworksBuildPhase;
			buildActionMask = 2147483647;
			files = (
				01E580BD2A96F26300BCA889 /* FirebaseAnalytics in Frameworks */,
				01F044D62ABC9C4700472FDE /* FirebaseAnalyticsOnDeviceConversion in Frameworks */,
				013D41C82A985AEA00964E92 /* FirebaseAuth in Frameworks */,
				013D41CA2A99751300964E92 /* FirebaseDatabase in Frameworks */,
				01F044D82ABC9C4700472FDE /* FirebaseAnalyticsSwift in Frameworks */,
				01F044D42ABC9C4700472FDE /* FirebaseAnalytics in Frameworks */,
				01E580C32A97069400BCA889 /* FirebaseCrashlytics in Frameworks */,
				01F044DC2ABC9C4700472FDE /* FirebaseAppCheck in Frameworks */,
				01F044DA2ABC9C4700472FDE /* FirebaseAnalyticsWithoutAdIdSupport in Frameworks */,
			);
			runOnlyForDeploymentPostprocessing = 0;
		};
/* End PBXFrameworksBuildPhase section */

/* Begin PBXGroup section */
		01A30DC42A68CF0500ADA84D = {
			isa = PBXGroup;
			children = (
				01BCD2422A71711B005FA071 /* Assets.xcassets */,
				01A30DCF2A68CF0500ADA84D /* Game2 */,
				01A30DCE2A68CF0500ADA84D /* Products */,
				01E580C12A97069400BCA889 /* Frameworks */,
			);
			sourceTree = "<group>";
		};
		01A30DCE2A68CF0500ADA84D /* Products */ = {
			isa = PBXGroup;
			children = (
				01A30DCD2A68CF0500ADA84D /* Game2.app */,
			);
			name = Products;
			sourceTree = "<group>";
		};
		01A30DCF2A68CF0500ADA84D /* Game2 */ = {
			isa = PBXGroup;
			children = (
				01C2E2682A854AE300EB1ED2 /* Info.plist */,
				013017FF2A849BE9008E9704 /* GameMenu.swift */,
				016F35A62A81DD1000563109 /* GameMenu.sks */,
				01A30DD62A68CF0500ADA84D /* GameScene.swift */,
				01A30DD22A68CF0500ADA84D /* GameScene.sks */,
				01BCD2452A71DA61005FA071 /* TestPhrases.swift */,
				01A30DD02A68CF0500ADA84D /* AppDelegate.swift */,
				0193CA132A69E04A00372040 /* Helper.swift */,
				01F795392AE4D4080053688E /* BoxManager.swift */,
				01F7953B2AE5A0CA0053688E /* FallingBoxManager.swift */,
				013D41CB2A99A8A700964E92 /* FirebaseManager.swift */,
				01A30DD82A68CF0500ADA84D /* GameViewController.swift */,
				01A30DDA2A68CF0500ADA84D /* Main.storyboard */,
				01A30DDD2A68CF0700ADA84D /* Assets.xcassets */,
				01A30DDF2A68CF0700ADA84D /* LaunchScreen.storyboard */,
				018F379D2A6E245700027BD0 /* Explosion.sks */,
				01BCD2412A71711B005FA071 /* Explosion2.sks */,
				01E580B92A96F19B00BCA889 /* GoogleService-Info.plist */,
			);
			path = Game2;
			sourceTree = "<group>";
		};
		01E580C12A97069400BCA889 /* Frameworks */ = {
			isa = PBXGroup;
			children = (
			);
			name = Frameworks;
			sourceTree = "<group>";
		};
/* End PBXGroup section */

/* Begin PBXNativeTarget section */
		01A30DCC2A68CF0500ADA84D /* Game2 */ = {
			isa = PBXNativeTarget;
			buildConfigurationList = 01A30DE42A68CF0700ADA84D /* Build configuration list for PBXNativeTarget "Game2" */;
			buildPhases = (
				01A30DC92A68CF0500ADA84D /* Sources */,
				01A30DCA2A68CF0500ADA84D /* Frameworks */,
				01A30DCB2A68CF0500ADA84D /* Resources */,
				01E580C02A97005000BCA889 /* ShellScript */,
			);
			buildRules = (
			);
			dependencies = (
			);
			name = Game2;
			packageProductDependencies = (
				01E580BC2A96F26300BCA889 /* FirebaseAnalytics */,
				01E580C22A97069400BCA889 /* FirebaseCrashlytics */,
				013D41C72A985AEA00964E92 /* FirebaseAuth */,
				013D41C92A99751300964E92 /* FirebaseDatabase */,
				01F044D32ABC9C4700472FDE /* FirebaseAnalytics */,
				01F044D52ABC9C4700472FDE /* FirebaseAnalyticsOnDeviceConversion */,
				01F044D72ABC9C4700472FDE /* FirebaseAnalyticsSwift */,
				01F044D92ABC9C4700472FDE /* FirebaseAnalyticsWithoutAdIdSupport */,
				01F044DB2ABC9C4700472FDE /* FirebaseAppCheck */,
			);
			productName = Game2;
			productReference = 01A30DCD2A68CF0500ADA84D /* Game2.app */;
			productType = "com.apple.product-type.application";
		};
/* End PBXNativeTarget section */

/* Begin PBXProject section */
		01A30DC52A68CF0500ADA84D /* Project object */ = {
			isa = PBXProject;
			attributes = {
				BuildIndependentTargetsInParallel = 1;
				LastSwiftUpdateCheck = 1430;
				LastUpgradeCheck = 1430;
				TargetAttributes = {
					01A30DCC2A68CF0500ADA84D = {
						CreatedOnToolsVersion = 14.3.1;
					};
				};
			};
			buildConfigurationList = 01A30DC82A68CF0500ADA84D /* Build configuration list for PBXProject "Game2" */;
			compatibilityVersion = "Xcode 14.0";
			developmentRegion = en;
			hasScannedForEncodings = 0;
			knownRegions = (
				en,
				Base,
			);
			mainGroup = 01A30DC42A68CF0500ADA84D;
			packageReferences = (
				01E580BB2A96F26300BCA889 /* XCRemoteSwiftPackageReference "firebase-ios-sdk" */,
			);
			productRefGroup = 01A30DCE2A68CF0500ADA84D /* Products */;
			projectDirPath = "";
			projectRoot = "";
			targets = (
				01A30DCC2A68CF0500ADA84D /* Game2 */,
			);
		};
/* End PBXProject section */

/* Begin PBXResourcesBuildPhase section */
		01A30DCB2A68CF0500ADA84D /* Resources */ = {
			isa = PBXResourcesBuildPhase;
			buildActionMask = 2147483647;
			files = (
				01A30DDC2A68CF0500ADA84D /* Main.storyboard in Resources */,
				01A30DD32A68CF0500ADA84D /* GameScene.sks in Resources */,
				01E580BA2A96F19B00BCA889 /* GoogleService-Info.plist in Resources */,
				01BCD2432A71711B005FA071 /* Explosion2.sks in Resources */,
				01A30DDE2A68CF0700ADA84D /* Assets.xcassets in Resources */,
				016F35A72A81DD1000563109 /* GameMenu.sks in Resources */,
				01A30DE12A68CF0700ADA84D /* LaunchScreen.storyboard in Resources */,
				01BCD2442A71711B005FA071 /* Assets.xcassets in Resources */,
				018F379E2A6E245700027BD0 /* Explosion.sks in Resources */,
			);
			runOnlyForDeploymentPostprocessing = 0;
		};
/* End PBXResourcesBuildPhase section */

/* Begin PBXShellScriptBuildPhase section */
		01E580C02A97005000BCA889 /* ShellScript */ = {
			isa = PBXShellScriptBuildPhase;
			buildActionMask = 2147483647;
			files = (
			);
			inputFileListPaths = (
			);
			inputPaths = (
				"${DWARF_DSYM_FOLDER_PATH}/${DWARF_DSYM_FILE_NAME}",
				"${DWARF_DSYM_FOLDER_PATH}/${DWARF_DSYM_FILE_NAME}/Contents/Resources/DWARF/${PRODUCT_NAME}",
				"${DWARF_DSYM_FOLDER_PATH}/${DWARF_DSYM_FILE_NAME}/Contents/Info.plist",
				"$(BUILT_PRODUCTS_DIR)/$(UNLOCALIZED_RESOURCES_FOLDER_PATH)/GoogleService-Info.plist",
				"$(BUILT_PRODUCTS_DIR)/$(EXECUTABLE_PATH)",
			);
			outputFileListPaths = (
			);
			outputPaths = (
			);
			runOnlyForDeploymentPostprocessing = 0;
			shellPath = /bin/sh;
			shellScript = "# Type a script or drag a script file from your workspace to insert its path.\n\"${BUILD_DIR%/Build/*}/SourcePackages/checkouts/firebase-ios-sdk/Crashlytics/run\"\n";
		};
/* End PBXShellScriptBuildPhase section */

/* Begin PBXSourcesBuildPhase section */
		01A30DC92A68CF0500ADA84D /* Sources */ = {
			isa = PBXSourcesBuildPhase;
			buildActionMask = 2147483647;
			files = (
				01A30DD72A68CF0500ADA84D /* GameScene.swift in Sources */,
				01BCD2462A71DA61005FA071 /* TestPhrases.swift in Sources */,
				013D41CC2A99A8A700964E92 /* FirebaseManager.swift in Sources */,
				01A30DD92A68CF0500ADA84D /* GameViewController.swift in Sources */,
				01A30DD12A68CF0500ADA84D /* AppDelegate.swift in Sources */,
				013018002A849BE9008E9704 /* GameMenu.swift in Sources */,
				0193CA142A69E04A00372040 /* Helper.swift in Sources */,
				01F7953A2AE4D4080053688E /* BoxManager.swift in Sources */,
				01F7953C2AE5A0CA0053688E /* FallingBoxManager.swift in Sources */,
			);
			runOnlyForDeploymentPostprocessing = 0;
		};
/* End PBXSourcesBuildPhase section */

/* Begin PBXVariantGroup section */
		01A30DDA2A68CF0500ADA84D /* Main.storyboard */ = {
			isa = PBXVariantGroup;
			children = (
				01A30DDB2A68CF0500ADA84D /* Base */,
			);
			name = Main.storyboard;
			sourceTree = "<group>";
		};
		01A30DDF2A68CF0700ADA84D /* LaunchScreen.storyboard */ = {
			isa = PBXVariantGroup;
			children = (
				01A30DE02A68CF0700ADA84D /* Base */,
			);
			name = LaunchScreen.storyboard;
			sourceTree = "<group>";
		};
/* End PBXVariantGroup section */

/* Begin XCBuildConfiguration section */
		01A30DE22A68CF0700ADA84D /* Debug */ = {
			isa = XCBuildConfiguration;
			buildSettings = {
				ALWAYS_SEARCH_USER_PATHS = NO;
				CLANG_ANALYZER_NONNULL = YES;
				CLANG_ANALYZER_NUMBER_OBJECT_CONVERSION = YES_AGGRESSIVE;
				CLANG_CXX_LANGUAGE_STANDARD = "gnu++20";
				CLANG_ENABLE_MODULES = YES;
				CLANG_ENABLE_OBJC_ARC = YES;
				CLANG_ENABLE_OBJC_WEAK = YES;
				CLANG_WARN_BLOCK_CAPTURE_AUTORELEASING = YES;
				CLANG_WARN_BOOL_CONVERSION = YES;
				CLANG_WARN_COMMA = YES;
				CLANG_WARN_CONSTANT_CONVERSION = YES;
				CLANG_WARN_DEPRECATED_OBJC_IMPLEMENTATIONS = YES;
				CLANG_WARN_DIRECT_OBJC_ISA_USAGE = YES_ERROR;
				CLANG_WARN_DOCUMENTATION_COMMENTS = YES;
				CLANG_WARN_EMPTY_BODY = YES;
				CLANG_WARN_ENUM_CONVERSION = YES;
				CLANG_WARN_INFINITE_RECURSION = YES;
				CLANG_WARN_INT_CONVERSION = YES;
				CLANG_WARN_NON_LITERAL_NULL_CONVERSION = YES;
				CLANG_WARN_OBJC_IMPLICIT_RETAIN_SELF = YES;
				CLANG_WARN_OBJC_LITERAL_CONVERSION = YES;
				CLANG_WARN_OBJC_ROOT_CLASS = YES_ERROR;
				CLANG_WARN_QUOTED_INCLUDE_IN_FRAMEWORK_HEADER = YES;
				CLANG_WARN_RANGE_LOOP_ANALYSIS = YES;
				CLANG_WARN_STRICT_PROTOTYPES = YES;
				CLANG_WARN_SUSPICIOUS_MOVE = YES;
				CLANG_WARN_UNGUARDED_AVAILABILITY = YES_AGGRESSIVE;
				CLANG_WARN_UNREACHABLE_CODE = YES;
				CLANG_WARN__DUPLICATE_METHOD_MATCH = YES;
				COPY_PHASE_STRIP = NO;
				DEBUG_INFORMATION_FORMAT = dwarf;
				ENABLE_STRICT_OBJC_MSGSEND = YES;
				ENABLE_TESTABILITY = YES;
				GCC_C_LANGUAGE_STANDARD = gnu11;
				GCC_DYNAMIC_NO_PIC = NO;
				GCC_NO_COMMON_BLOCKS = YES;
				GCC_OPTIMIZATION_LEVEL = 0;
				GCC_PREPROCESSOR_DEFINITIONS = (
					"DEBUG=1",
					"$(inherited)",
				);
				GCC_WARN_64_TO_32_BIT_CONVERSION = YES;
				GCC_WARN_ABOUT_RETURN_TYPE = YES_ERROR;
				GCC_WARN_UNDECLARED_SELECTOR = YES;
				GCC_WARN_UNINITIALIZED_AUTOS = YES_AGGRESSIVE;
				GCC_WARN_UNUSED_FUNCTION = YES;
				GCC_WARN_UNUSED_VARIABLE = YES;
				IPHONEOS_DEPLOYMENT_TARGET = 16.4;
				MTL_ENABLE_DEBUG_INFO = INCLUDE_SOURCE;
				MTL_FAST_MATH = YES;
				ONLY_ACTIVE_ARCH = YES;
				SDKROOT = iphoneos;
				SWIFT_ACTIVE_COMPILATION_CONDITIONS = DEBUG;
				SWIFT_OPTIMIZATION_LEVEL = "-Onone";
			};
			name = Debug;
		};
		01A30DE32A68CF0700ADA84D /* Release */ = {
			isa = XCBuildConfiguration;
			buildSettings = {
				ALWAYS_SEARCH_USER_PATHS = NO;
				CLANG_ANALYZER_NONNULL = YES;
				CLANG_ANALYZER_NUMBER_OBJECT_CONVERSION = YES_AGGRESSIVE;
				CLANG_CXX_LANGUAGE_STANDARD = "gnu++20";
				CLANG_ENABLE_MODULES = YES;
				CLANG_ENABLE_OBJC_ARC = YES;
				CLANG_ENABLE_OBJC_WEAK = YES;
				CLANG_WARN_BLOCK_CAPTURE_AUTORELEASING = YES;
				CLANG_WARN_BOOL_CONVERSION = YES;
				CLANG_WARN_COMMA = YES;
				CLANG_WARN_CONSTANT_CONVERSION = YES;
				CLANG_WARN_DEPRECATED_OBJC_IMPLEMENTATIONS = YES;
				CLANG_WARN_DIRECT_OBJC_ISA_USAGE = YES_ERROR;
				CLANG_WARN_DOCUMENTATION_COMMENTS = YES;
				CLANG_WARN_EMPTY_BODY = YES;
				CLANG_WARN_ENUM_CONVERSION = YES;
				CLANG_WARN_INFINITE_RECURSION = YES;
				CLANG_WARN_INT_CONVERSION = YES;
				CLANG_WARN_NON_LITERAL_NULL_CONVERSION = YES;
				CLANG_WARN_OBJC_IMPLICIT_RETAIN_SELF = YES;
				CLANG_WARN_OBJC_LITERAL_CONVERSION = YES;
				CLANG_WARN_OBJC_ROOT_CLASS = YES_ERROR;
				CLANG_WARN_QUOTED_INCLUDE_IN_FRAMEWORK_HEADER = YES;
				CLANG_WARN_RANGE_LOOP_ANALYSIS = YES;
				CLANG_WARN_STRICT_PROTOTYPES = YES;
				CLANG_WARN_SUSPICIOUS_MOVE = YES;
				CLANG_WARN_UNGUARDED_AVAILABILITY = YES_AGGRESSIVE;
				CLANG_WARN_UNREACHABLE_CODE = YES;
				CLANG_WARN__DUPLICATE_METHOD_MATCH = YES;
				COPY_PHASE_STRIP = NO;
				DEBUG_INFORMATION_FORMAT = "dwarf-with-dsym";
				ENABLE_NS_ASSERTIONS = NO;
				ENABLE_STRICT_OBJC_MSGSEND = YES;
				GCC_C_LANGUAGE_STANDARD = gnu11;
				GCC_NO_COMMON_BLOCKS = YES;
				GCC_WARN_64_TO_32_BIT_CONVERSION = YES;
				GCC_WARN_ABOUT_RETURN_TYPE = YES_ERROR;
				GCC_WARN_UNDECLARED_SELECTOR = YES;
				GCC_WARN_UNINITIALIZED_AUTOS = YES_AGGRESSIVE;
				GCC_WARN_UNUSED_FUNCTION = YES;
				GCC_WARN_UNUSED_VARIABLE = YES;
				IPHONEOS_DEPLOYMENT_TARGET = 16.4;
				MTL_ENABLE_DEBUG_INFO = NO;
				MTL_FAST_MATH = YES;
				SDKROOT = iphoneos;
				SWIFT_COMPILATION_MODE = wholemodule;
				SWIFT_OPTIMIZATION_LEVEL = "-O";
				VALIDATE_PRODUCT = YES;
			};
			name = Release;
		};
		01A30DE52A68CF0700ADA84D /* Debug */ = {
			isa = XCBuildConfiguration;
			buildSettings = {
				ASSETCATALOG_COMPILER_APPICON_NAME = AppIcon;
				ASSETCATALOG_COMPILER_GLOBAL_ACCENT_COLOR_NAME = AccentColor;
				CODE_SIGN_STYLE = Automatic;
				CURRENT_PROJECT_VERSION = 1;
				DEBUG_INFORMATION_FORMAT = "dwarf-with-dsym";
				DEVELOPMENT_TEAM = LGFHSY5VS8;
				GENERATE_INFOPLIST_FILE = YES;
				INFOPLIST_FILE = Game2/Info.plist;
				INFOPLIST_KEY_CFBundleDisplayName = Wuhba;
				INFOPLIST_KEY_UIApplicationSupportsIndirectInputEvents = YES;
				INFOPLIST_KEY_UILaunchStoryboardName = LaunchScreen;
				INFOPLIST_KEY_UIMainStoryboardFile = Main;
				INFOPLIST_KEY_UIStatusBarHidden = YES;
				INFOPLIST_KEY_UISupportedInterfaceOrientations = UIInterfaceOrientationPortrait;
				INFOPLIST_KEY_UISupportedInterfaceOrientations_iPad = "UIInterfaceOrientationLandscapeLeft UIInterfaceOrientationLandscapeRight UIInterfaceOrientationPortrait UIInterfaceOrientationPortraitUpsideDown";
				IPHONEOS_DEPLOYMENT_TARGET = 13.0;
				LD_RUNPATH_SEARCH_PATHS = (
					"$(inherited)",
					"@executable_path/Frameworks",
				);
				MARKETING_VERSION = 1.0;
				PRODUCT_BUNDLE_IDENTIFIER = relativistic.Wuhba;
				PRODUCT_NAME = "$(TARGET_NAME)";
				SUPPORTED_PLATFORMS = "iphoneos iphonesimulator";
				SUPPORTS_MACCATALYST = NO;
				SUPPORTS_MAC_DESIGNED_FOR_IPHONE_IPAD = YES;
				SWIFT_EMIT_LOC_STRINGS = YES;
				SWIFT_VERSION = 5.0;
				TARGETED_DEVICE_FAMILY = 1;
			};
			name = Debug;
		};
		01A30DE62A68CF0700ADA84D /* Release */ = {
			isa = XCBuildConfiguration;
			buildSettings = {
				ASSETCATALOG_COMPILER_APPICON_NAME = AppIcon;
				ASSETCATALOG_COMPILER_GLOBAL_ACCENT_COLOR_NAME = AccentColor;
				CODE_SIGN_STYLE = Automatic;
				CURRENT_PROJECT_VERSION = 1;
				DEBUG_INFORMATION_FORMAT = "dwarf-with-dsym";
				DEVELOPMENT_TEAM = LGFHSY5VS8;
				GENERATE_INFOPLIST_FILE = YES;
				INFOPLIST_FILE = Game2/Info.plist;
				INFOPLIST_KEY_CFBundleDisplayName = Wuhba;
				INFOPLIST_KEY_UIApplicationSupportsIndirectInputEvents = YES;
				INFOPLIST_KEY_UILaunchStoryboardName = LaunchScreen;
				INFOPLIST_KEY_UIMainStoryboardFile = Main;
				INFOPLIST_KEY_UIStatusBarHidden = YES;
				INFOPLIST_KEY_UISupportedInterfaceOrientations = UIInterfaceOrientationPortrait;
				INFOPLIST_KEY_UISupportedInterfaceOrientations_iPad = "UIInterfaceOrientationLandscapeLeft UIInterfaceOrientationLandscapeRight UIInterfaceOrientationPortrait UIInterfaceOrientationPortraitUpsideDown";
				IPHONEOS_DEPLOYMENT_TARGET = 13.0;
				LD_RUNPATH_SEARCH_PATHS = (
					"$(inherited)",
					"@executable_path/Frameworks",
				);
				MARKETING_VERSION = 1.0;
				PRODUCT_BUNDLE_IDENTIFIER = relativistic.Wuhba;
				PRODUCT_NAME = "$(TARGET_NAME)";
				SUPPORTED_PLATFORMS = "iphoneos iphonesimulator";
				SUPPORTS_MACCATALYST = NO;
				SUPPORTS_MAC_DESIGNED_FOR_IPHONE_IPAD = YES;
				SWIFT_EMIT_LOC_STRINGS = YES;
				SWIFT_VERSION = 5.0;
				TARGETED_DEVICE_FAMILY = 1;
			};
			name = Release;
		};
/* End XCBuildConfiguration section */

/* Begin XCConfigurationList section */
		01A30DC82A68CF0500ADA84D /* Build configuration list for PBXProject "Game2" */ = {
			isa = XCConfigurationList;
			buildConfigurations = (
				01A30DE22A68CF0700ADA84D /* Debug */,
				01A30DE32A68CF0700ADA84D /* Release */,
			);
			defaultConfigurationIsVisible = 0;
			defaultConfigurationName = Release;
		};
		01A30DE42A68CF0700ADA84D /* Build configuration list for PBXNativeTarget "Game2" */ = {
			isa = XCConfigurationList;
			buildConfigurations = (
				01A30DE52A68CF0700ADA84D /* Debug */,
				01A30DE62A68CF0700ADA84D /* Release */,
			);
			defaultConfigurationIsVisible = 0;
			defaultConfigurationName = Release;
		};
/* End XCConfigurationList section */

/* Begin XCRemoteSwiftPackageReference section */
		01E580BB2A96F26300BCA889 /* XCRemoteSwiftPackageReference "firebase-ios-sdk" */ = {
			isa = XCRemoteSwiftPackageReference;
			repositoryURL = "https://github.com/firebase/firebase-ios-sdk";
			requirement = {
				kind = upToNextMajorVersion;
				minimumVersion = 10.0.0;
			};
		};
/* End XCRemoteSwiftPackageReference section */

/* Begin XCSwiftPackageProductDependency section */
		013D41C72A985AEA00964E92 /* FirebaseAuth */ = {
			isa = XCSwiftPackageProductDependency;
			package = 01E580BB2A96F26300BCA889 /* XCRemoteSwiftPackageReference "firebase-ios-sdk" */;
			productName = FirebaseAuth;
		};
		013D41C92A99751300964E92 /* FirebaseDatabase */ = {
			isa = XCSwiftPackageProductDependency;
			package = 01E580BB2A96F26300BCA889 /* XCRemoteSwiftPackageReference "firebase-ios-sdk" */;
			productName = FirebaseDatabase;
		};
		01E580BC2A96F26300BCA889 /* FirebaseAnalytics */ = {
			isa = XCSwiftPackageProductDependency;
			package = 01E580BB2A96F26300BCA889 /* XCRemoteSwiftPackageReference "firebase-ios-sdk" */;
			productName = FirebaseAnalytics;
		};
		01E580C22A97069400BCA889 /* FirebaseCrashlytics */ = {
			isa = XCSwiftPackageProductDependency;
			package = 01E580BB2A96F26300BCA889 /* XCRemoteSwiftPackageReference "firebase-ios-sdk" */;
			productName = FirebaseCrashlytics;
		};
		01F044D32ABC9C4700472FDE /* FirebaseAnalytics */ = {
			isa = XCSwiftPackageProductDependency;
			package = 01E580BB2A96F26300BCA889 /* XCRemoteSwiftPackageReference "firebase-ios-sdk" */;
			productName = FirebaseAnalytics;
		};
		01F044D52ABC9C4700472FDE /* FirebaseAnalyticsOnDeviceConversion */ = {
			isa = XCSwiftPackageProductDependency;
			package = 01E580BB2A96F26300BCA889 /* XCRemoteSwiftPackageReference "firebase-ios-sdk" */;
			productName = FirebaseAnalyticsOnDeviceConversion;
		};
		01F044D72ABC9C4700472FDE /* FirebaseAnalyticsSwift */ = {
			isa = XCSwiftPackageProductDependency;
			package = 01E580BB2A96F26300BCA889 /* XCRemoteSwiftPackageReference "firebase-ios-sdk" */;
			productName = FirebaseAnalyticsSwift;
		};
		01F044D92ABC9C4700472FDE /* FirebaseAnalyticsWithoutAdIdSupport */ = {
			isa = XCSwiftPackageProductDependency;
			package = 01E580BB2A96F26300BCA889 /* XCRemoteSwiftPackageReference "firebase-ios-sdk" */;
			productName = FirebaseAnalyticsWithoutAdIdSupport;
		};
		01F044DB2ABC9C4700472FDE /* FirebaseAppCheck */ = {
			isa = XCSwiftPackageProductDependency;
			package = 01E580BB2A96F26300BCA889 /* XCRemoteSwiftPackageReference "firebase-ios-sdk" */;
			productName = FirebaseAppCheck;
		};
/* End XCSwiftPackageProductDependency section */
	};
	rootObject = 01A30DC52A68CF0500ADA84D /* Project object */;
}
